// !$*UTF8*$!
{
	archiveVersion = 1;
	classes = {
	};
	objectVersion = 56;
	objects = {

/* Begin PBXBuildFile section */
		AE0EAD7C29D05AF9005BBEB1 /* ComposableArchitecture in Frameworks */ = {isa = PBXBuildFile; productRef = AE0EAD7B29D05AF9005BBEB1 /* ComposableArchitecture */; };
		AE0EAD7F29D06724005BBEB1 /* DownloadListViewFeature.swift in Sources */ = {isa = PBXBuildFile; fileRef = AE0EAD7E29D06724005BBEB1 /* DownloadListViewFeature.swift */; };
		AE0EAD8129D0675F005BBEB1 /* DownloadDetailViewFeature.swift in Sources */ = {isa = PBXBuildFile; fileRef = AE0EAD8029D0675F005BBEB1 /* DownloadDetailViewFeature.swift */; };
		FF15501829C3809C00CF6732 /* CleanArchTemplateApp.swift in Sources */ = {isa = PBXBuildFile; fileRef = FF15501729C3809C00CF6732 /* CleanArchTemplateApp.swift */; };
		FF15501A29C3809C00CF6732 /* ContentView.swift in Sources */ = {isa = PBXBuildFile; fileRef = FF15501929C3809C00CF6732 /* ContentView.swift */; };
		FF15501C29C3809D00CF6732 /* Assets.xcassets in Resources */ = {isa = PBXBuildFile; fileRef = FF15501B29C3809D00CF6732 /* Assets.xcassets */; };
		FF15501F29C3809D00CF6732 /* Preview Assets.xcassets in Resources */ = {isa = PBXBuildFile; fileRef = FF15501E29C3809D00CF6732 /* Preview Assets.xcassets */; };
		FF61DB5029C38170000D9D54 /* DownloadImageInteractor.swift in Sources */ = {isa = PBXBuildFile; fileRef = FF61DB4F29C38170000D9D54 /* DownloadImageInteractor.swift */; };
		FF61DB5229C381AD000D9D54 /* DownloadRepository.swift in Sources */ = {isa = PBXBuildFile; fileRef = FF61DB5129C381AD000D9D54 /* DownloadRepository.swift */; };
		FF61DB5529C381D4000D9D54 /* Swinject in Frameworks */ = {isa = PBXBuildFile; productRef = FF61DB5429C381D4000D9D54 /* Swinject */; };
		FF61DB5829C381EC000D9D54 /* Resolver.swift in Sources */ = {isa = PBXBuildFile; fileRef = FF61DB5729C381EC000D9D54 /* Resolver.swift */; };
		FF61DB5A29C381F0000D9D54 /* Inject.swift in Sources */ = {isa = PBXBuildFile; fileRef = FF61DB5929C381F0000D9D54 /* Inject.swift */; };
		FF61DB5D29C38228000D9D54 /* DownloadInjection.swift in Sources */ = {isa = PBXBuildFile; fileRef = FF61DB5C29C38228000D9D54 /* DownloadInjection.swift */; };
		FF61DB5F29C3824C000D9D54 /* DownloadRepositoryImpl.swift in Sources */ = {isa = PBXBuildFile; fileRef = FF61DB5E29C3824C000D9D54 /* DownloadRepositoryImpl.swift */; };
		FF61DB6129C3834B000D9D54 /* DownloadError.swift in Sources */ = {isa = PBXBuildFile; fileRef = FF61DB6029C3834B000D9D54 /* DownloadError.swift */; };
		FF61DB6329C38587000D9D54 /* DownloadDetailView.swift in Sources */ = {isa = PBXBuildFile; fileRef = FF61DB6229C38587000D9D54 /* DownloadDetailView.swift */; };
		FF61DB6729C385FD000D9D54 /* DownloadDetailViewModel.swift in Sources */ = {isa = PBXBuildFile; fileRef = FF61DB6629C385FD000D9D54 /* DownloadDetailViewModel.swift */; };
		FF61DB6929C3878E000D9D54 /* DownloadListView.swift in Sources */ = {isa = PBXBuildFile; fileRef = FF61DB6829C3878E000D9D54 /* DownloadListView.swift */; };
		FF61DB6B29C387AE000D9D54 /* DownloadListViewModel.swift in Sources */ = {isa = PBXBuildFile; fileRef = FF61DB6A29C387AE000D9D54 /* DownloadListViewModel.swift */; };
		FF61DB7029C4787F000D9D54 /* SomethingStoring.swift in Sources */ = {isa = PBXBuildFile; fileRef = FF61DB6F29C4787F000D9D54 /* SomethingStoring.swift */; };
		FF61DB7229C47888000D9D54 /* SomethingProviding.swift in Sources */ = {isa = PBXBuildFile; fileRef = FF61DB7129C47888000D9D54 /* SomethingProviding.swift */; };
		FF61DB7429C478A2000D9D54 /* Something.swift in Sources */ = {isa = PBXBuildFile; fileRef = FF61DB7329C478A2000D9D54 /* Something.swift */; };
		FF61DB7629C478CB000D9D54 /* SomethingStorage.swift in Sources */ = {isa = PBXBuildFile; fileRef = FF61DB7529C478CB000D9D54 /* SomethingStorage.swift */; };
		FF61DB7829C47E7D000D9D54 /* ScanInjection.swift in Sources */ = {isa = PBXBuildFile; fileRef = FF61DB7729C47E7D000D9D54 /* ScanInjection.swift */; };
		FF61DB7B29C47EAE000D9D54 /* SomethingView.swift in Sources */ = {isa = PBXBuildFile; fileRef = FF61DB7A29C47EAE000D9D54 /* SomethingView.swift */; };
		FF84E09229C8A1130008A6B3 /* DownloadTextsInteractor.swift in Sources */ = {isa = PBXBuildFile; fileRef = FF84E09129C8A1130008A6B3 /* DownloadTextsInteractor.swift */; };
		FF84E09729C8A2F60008A6B3 /* ViewObjektNejaky.swift in Sources */ = {isa = PBXBuildFile; fileRef = FF84E09629C8A2F60008A6B3 /* ViewObjektNejaky.swift */; };
		FF84E09929C8A31A0008A6B3 /* DomainObjektNejaky.swift in Sources */ = {isa = PBXBuildFile; fileRef = FF84E09829C8A31A0008A6B3 /* DomainObjektNejaky.swift */; };
/* End PBXBuildFile section */

/* Begin PBXFileReference section */
		AE0EAD7E29D06724005BBEB1 /* DownloadListViewFeature.swift */ = {isa = PBXFileReference; lastKnownFileType = sourcecode.swift; path = DownloadListViewFeature.swift; sourceTree = "<group>"; };
		AE0EAD8029D0675F005BBEB1 /* DownloadDetailViewFeature.swift */ = {isa = PBXFileReference; lastKnownFileType = sourcecode.swift; path = DownloadDetailViewFeature.swift; sourceTree = "<group>"; };
		FF15501429C3809C00CF6732 /* CleanArchTemplate.app */ = {isa = PBXFileReference; explicitFileType = wrapper.application; includeInIndex = 0; path = CleanArchTemplate.app; sourceTree = BUILT_PRODUCTS_DIR; };
		FF15501729C3809C00CF6732 /* CleanArchTemplateApp.swift */ = {isa = PBXFileReference; lastKnownFileType = sourcecode.swift; path = CleanArchTemplateApp.swift; sourceTree = "<group>"; };
		FF15501929C3809C00CF6732 /* ContentView.swift */ = {isa = PBXFileReference; lastKnownFileType = sourcecode.swift; path = ContentView.swift; sourceTree = "<group>"; };
		FF15501B29C3809D00CF6732 /* Assets.xcassets */ = {isa = PBXFileReference; lastKnownFileType = folder.assetcatalog; path = Assets.xcassets; sourceTree = "<group>"; };
		FF15501E29C3809D00CF6732 /* Preview Assets.xcassets */ = {isa = PBXFileReference; lastKnownFileType = folder.assetcatalog; path = "Preview Assets.xcassets"; sourceTree = "<group>"; };
		FF61DB4F29C38170000D9D54 /* DownloadImageInteractor.swift */ = {isa = PBXFileReference; lastKnownFileType = sourcecode.swift; path = DownloadImageInteractor.swift; sourceTree = "<group>"; };
		FF61DB5129C381AD000D9D54 /* DownloadRepository.swift */ = {isa = PBXFileReference; lastKnownFileType = sourcecode.swift; path = DownloadRepository.swift; sourceTree = "<group>"; };
		FF61DB5729C381EC000D9D54 /* Resolver.swift */ = {isa = PBXFileReference; lastKnownFileType = sourcecode.swift; path = Resolver.swift; sourceTree = "<group>"; };
		FF61DB5929C381F0000D9D54 /* Inject.swift */ = {isa = PBXFileReference; lastKnownFileType = sourcecode.swift; path = Inject.swift; sourceTree = "<group>"; };
		FF61DB5C29C38228000D9D54 /* DownloadInjection.swift */ = {isa = PBXFileReference; lastKnownFileType = sourcecode.swift; path = DownloadInjection.swift; sourceTree = "<group>"; };
		FF61DB5E29C3824C000D9D54 /* DownloadRepositoryImpl.swift */ = {isa = PBXFileReference; lastKnownFileType = sourcecode.swift; path = DownloadRepositoryImpl.swift; sourceTree = "<group>"; };
		FF61DB6029C3834B000D9D54 /* DownloadError.swift */ = {isa = PBXFileReference; lastKnownFileType = sourcecode.swift; path = DownloadError.swift; sourceTree = "<group>"; };
		FF61DB6229C38587000D9D54 /* DownloadDetailView.swift */ = {isa = PBXFileReference; lastKnownFileType = sourcecode.swift; path = DownloadDetailView.swift; sourceTree = "<group>"; };
		FF61DB6629C385FD000D9D54 /* DownloadDetailViewModel.swift */ = {isa = PBXFileReference; lastKnownFileType = sourcecode.swift; path = DownloadDetailViewModel.swift; sourceTree = "<group>"; };
		FF61DB6829C3878E000D9D54 /* DownloadListView.swift */ = {isa = PBXFileReference; lastKnownFileType = sourcecode.swift; path = DownloadListView.swift; sourceTree = "<group>"; };
		FF61DB6A29C387AE000D9D54 /* DownloadListViewModel.swift */ = {isa = PBXFileReference; lastKnownFileType = sourcecode.swift; path = DownloadListViewModel.swift; sourceTree = "<group>"; };
		FF61DB6F29C4787F000D9D54 /* SomethingStoring.swift */ = {isa = PBXFileReference; lastKnownFileType = sourcecode.swift; path = SomethingStoring.swift; sourceTree = "<group>"; };
		FF61DB7129C47888000D9D54 /* SomethingProviding.swift */ = {isa = PBXFileReference; lastKnownFileType = sourcecode.swift; path = SomethingProviding.swift; sourceTree = "<group>"; };
		FF61DB7329C478A2000D9D54 /* Something.swift */ = {isa = PBXFileReference; lastKnownFileType = sourcecode.swift; path = Something.swift; sourceTree = "<group>"; };
		FF61DB7529C478CB000D9D54 /* SomethingStorage.swift */ = {isa = PBXFileReference; lastKnownFileType = sourcecode.swift; path = SomethingStorage.swift; sourceTree = "<group>"; };
		FF61DB7729C47E7D000D9D54 /* ScanInjection.swift */ = {isa = PBXFileReference; lastKnownFileType = sourcecode.swift; path = ScanInjection.swift; sourceTree = "<group>"; };
		FF61DB7A29C47EAE000D9D54 /* SomethingView.swift */ = {isa = PBXFileReference; lastKnownFileType = sourcecode.swift; path = SomethingView.swift; sourceTree = "<group>"; };
		FF84E09129C8A1130008A6B3 /* DownloadTextsInteractor.swift */ = {isa = PBXFileReference; lastKnownFileType = sourcecode.swift; path = DownloadTextsInteractor.swift; sourceTree = "<group>"; };
		FF84E09629C8A2F60008A6B3 /* ViewObjektNejaky.swift */ = {isa = PBXFileReference; lastKnownFileType = sourcecode.swift; path = ViewObjektNejaky.swift; sourceTree = "<group>"; };
		FF84E09829C8A31A0008A6B3 /* DomainObjektNejaky.swift */ = {isa = PBXFileReference; lastKnownFileType = sourcecode.swift; path = DomainObjektNejaky.swift; sourceTree = "<group>"; };
/* End PBXFileReference section */

/* Begin PBXFrameworksBuildPhase section */
		FF15501129C3809C00CF6732 /* Frameworks */ = {
			isa = PBXFrameworksBuildPhase;
			buildActionMask = 2147483647;
			files = (
				AE0EAD7C29D05AF9005BBEB1 /* ComposableArchitecture in Frameworks */,
				FF61DB5529C381D4000D9D54 /* Swinject in Frameworks */,
			);
			runOnlyForDeploymentPostprocessing = 0;
		};
/* End PBXFrameworksBuildPhase section */

/* Begin PBXGroup section */
		AE0EAD7D29D0670B005BBEB1 /* Reducer */ = {
			isa = PBXGroup;
			children = (
				AE0EAD7E29D06724005BBEB1 /* DownloadListViewFeature.swift */,
				AE0EAD8029D0675F005BBEB1 /* DownloadDetailViewFeature.swift */,
			);
			path = Reducer;
			sourceTree = "<group>";
		};
		FF15500B29C3809C00CF6732 = {
			isa = PBXGroup;
			children = (
				FF15501629C3809C00CF6732 /* CleanArchTemplate */,
				FF15501529C3809C00CF6732 /* Products */,
			);
			sourceTree = "<group>";
		};
		FF15501529C3809C00CF6732 /* Products */ = {
			isa = PBXGroup;
			children = (
				FF15501429C3809C00CF6732 /* CleanArchTemplate.app */,
			);
			name = Products;
			sourceTree = "<group>";
		};
		FF15501629C3809C00CF6732 /* CleanArchTemplate */ = {
			isa = PBXGroup;
			children = (
				AE0EAD7D29D0670B005BBEB1 /* Reducer */,
				FF61DB5629C381E4000D9D54 /* Injection */,
				FF61DB4A29C38110000D9D54 /* Download */,
				FF61DB4929C38107000D9D54 /* Scan */,
				FF61DB4829C38102000D9D54 /* Common */,
				FF15501729C3809C00CF6732 /* CleanArchTemplateApp.swift */,
				FF15501929C3809C00CF6732 /* ContentView.swift */,
				FF15501B29C3809D00CF6732 /* Assets.xcassets */,
				FF15501D29C3809D00CF6732 /* Preview Content */,
			);
			path = CleanArchTemplate;
			sourceTree = "<group>";
		};
		FF15501D29C3809D00CF6732 /* Preview Content */ = {
			isa = PBXGroup;
			children = (
				FF15501E29C3809D00CF6732 /* Preview Assets.xcassets */,
			);
			path = "Preview Content";
			sourceTree = "<group>";
		};
		FF61DB4829C38102000D9D54 /* Common */ = {
			isa = PBXGroup;
			children = (
			);
			path = Common;
			sourceTree = "<group>";
		};
		FF61DB4929C38107000D9D54 /* Scan */ = {
			isa = PBXGroup;
			children = (
				FF61DB7929C47EA1000D9D54 /* view */,
				FF61DB6E29C4784D000D9D54 /* domain */,
				FF61DB6D29C47847000D9D54 /* data */,
				FF61DB6C29C47842000D9D54 /* injection */,
			);
			path = Scan;
			sourceTree = "<group>";
		};
		FF61DB4A29C38110000D9D54 /* Download */ = {
			isa = PBXGroup;
			children = (
				FF61DB5B29C3821B000D9D54 /* injection */,
				FF61DB4E29C38146000D9D54 /* interactor */,
				FF61DB4D29C3813E000D9D54 /* view */,
				FF61DB4C29C38139000D9D54 /* data */,
				FF61DB4B29C38133000D9D54 /* domain */,
			);
			path = Download;
			sourceTree = "<group>";
		};
		FF61DB4B29C38133000D9D54 /* domain */ = {
			isa = PBXGroup;
			children = (
				FF61DB5129C381AD000D9D54 /* DownloadRepository.swift */,
				FF61DB6029C3834B000D9D54 /* DownloadError.swift */,
				FF84E09829C8A31A0008A6B3 /* DomainObjektNejaky.swift */,
			);
			path = domain;
			sourceTree = "<group>";
		};
		FF61DB4C29C38139000D9D54 /* data */ = {
			isa = PBXGroup;
			children = (
				FF61DB5E29C3824C000D9D54 /* DownloadRepositoryImpl.swift */,
			);
			path = data;
			sourceTree = "<group>";
		};
		FF61DB4D29C3813E000D9D54 /* view */ = {
			isa = PBXGroup;
			children = (
				FF84E09529C8A2E70008A6B3 /* viewObjects */,
				FF61DB6529C385B6000D9D54 /* downloadList */,
				FF61DB6429C385A7000D9D54 /* downloadDetail */,
			);
			path = view;
			sourceTree = "<group>";
		};
		FF61DB4E29C38146000D9D54 /* interactor */ = {
			isa = PBXGroup;
			children = (
				FF61DB4F29C38170000D9D54 /* DownloadImageInteractor.swift */,
				FF84E09129C8A1130008A6B3 /* DownloadTextsInteractor.swift */,
			);
			path = interactor;
			sourceTree = "<group>";
		};
		FF61DB5629C381E4000D9D54 /* Injection */ = {
			isa = PBXGroup;
			children = (
				FF61DB5729C381EC000D9D54 /* Resolver.swift */,
				FF61DB5929C381F0000D9D54 /* Inject.swift */,
			);
			path = Injection;
			sourceTree = "<group>";
		};
		FF61DB5B29C3821B000D9D54 /* injection */ = {
			isa = PBXGroup;
			children = (
				FF61DB5C29C38228000D9D54 /* DownloadInjection.swift */,
			);
			path = injection;
			sourceTree = "<group>";
		};
		FF61DB6429C385A7000D9D54 /* downloadDetail */ = {
			isa = PBXGroup;
			children = (
				FF61DB6229C38587000D9D54 /* DownloadDetailView.swift */,
				FF61DB6629C385FD000D9D54 /* DownloadDetailViewModel.swift */,
			);
			path = downloadDetail;
			sourceTree = "<group>";
		};
		FF61DB6529C385B6000D9D54 /* downloadList */ = {
			isa = PBXGroup;
			children = (
				FF61DB6829C3878E000D9D54 /* DownloadListView.swift */,
				FF61DB6A29C387AE000D9D54 /* DownloadListViewModel.swift */,
			);
			path = downloadList;
			sourceTree = "<group>";
		};
		FF61DB6C29C47842000D9D54 /* injection */ = {
			isa = PBXGroup;
			children = (
				FF61DB7729C47E7D000D9D54 /* ScanInjection.swift */,
			);
			path = injection;
			sourceTree = "<group>";
		};
		FF61DB6D29C47847000D9D54 /* data */ = {
			isa = PBXGroup;
			children = (
				FF61DB7529C478CB000D9D54 /* SomethingStorage.swift */,
			);
			path = data;
			sourceTree = "<group>";
		};
		FF61DB6E29C4784D000D9D54 /* domain */ = {
			isa = PBXGroup;
			children = (
				FF61DB6F29C4787F000D9D54 /* SomethingStoring.swift */,
				FF61DB7129C47888000D9D54 /* SomethingProviding.swift */,
				FF61DB7329C478A2000D9D54 /* Something.swift */,
			);
			path = domain;
			sourceTree = "<group>";
		};
		FF61DB7929C47EA1000D9D54 /* view */ = {
			isa = PBXGroup;
			children = (
				FF61DB7A29C47EAE000D9D54 /* SomethingView.swift */,
			);
			path = view;
			sourceTree = "<group>";
		};
		FF84E09529C8A2E70008A6B3 /* viewObjects */ = {
			isa = PBXGroup;
			children = (
				FF84E09629C8A2F60008A6B3 /* ViewObjektNejaky.swift */,
			);
			path = viewObjects;
			sourceTree = "<group>";
		};
/* End PBXGroup section */

/* Begin PBXNativeTarget section */
		FF15501329C3809C00CF6732 /* CleanArchTemplate */ = {
			isa = PBXNativeTarget;
			buildConfigurationList = FF15502229C3809D00CF6732 /* Build configuration list for PBXNativeTarget "CleanArchTemplate" */;
			buildPhases = (
				FF15501029C3809C00CF6732 /* Sources */,
				FF15501129C3809C00CF6732 /* Frameworks */,
				FF15501229C3809C00CF6732 /* Resources */,
			);
			buildRules = (
			);
			dependencies = (
			);
			name = CleanArchTemplate;
			packageProductDependencies = (
				FF61DB5429C381D4000D9D54 /* Swinject */,
				AE0EAD7B29D05AF9005BBEB1 /* ComposableArchitecture */,
			);
			productName = CleanArchTemplate;
			productReference = FF15501429C3809C00CF6732 /* CleanArchTemplate.app */;
			productType = "com.apple.product-type.application";
		};
/* End PBXNativeTarget section */

/* Begin PBXProject section */
		FF15500C29C3809C00CF6732 /* Project object */ = {
			isa = PBXProject;
			attributes = {
				BuildIndependentTargetsInParallel = 1;
				LastSwiftUpdateCheck = 1420;
				LastUpgradeCheck = 1420;
				TargetAttributes = {
					FF15501329C3809C00CF6732 = {
						CreatedOnToolsVersion = 14.2;
					};
				};
			};
			buildConfigurationList = FF15500F29C3809C00CF6732 /* Build configuration list for PBXProject "CleanArchTemplate" */;
			compatibilityVersion = "Xcode 14.0";
			developmentRegion = en;
			hasScannedForEncodings = 0;
			knownRegions = (
				en,
				Base,
			);
			mainGroup = FF15500B29C3809C00CF6732;
			packageReferences = (
				FF61DB5329C381D4000D9D54 /* XCRemoteSwiftPackageReference "Swinject" */,
				AE0EAD7A29D05AF9005BBEB1 /* XCRemoteSwiftPackageReference "swift-composable-architecture" */,
			);
			productRefGroup = FF15501529C3809C00CF6732 /* Products */;
			projectDirPath = "";
			projectRoot = "";
			targets = (
				FF15501329C3809C00CF6732 /* CleanArchTemplate */,
			);
		};
/* End PBXProject section */

/* Begin PBXResourcesBuildPhase section */
		FF15501229C3809C00CF6732 /* Resources */ = {
			isa = PBXResourcesBuildPhase;
			buildActionMask = 2147483647;
			files = (
				FF15501F29C3809D00CF6732 /* Preview Assets.xcassets in Resources */,
				FF15501C29C3809D00CF6732 /* Assets.xcassets in Resources */,
			);
			runOnlyForDeploymentPostprocessing = 0;
		};
/* End PBXResourcesBuildPhase section */

/* Begin PBXSourcesBuildPhase section */
		FF15501029C3809C00CF6732 /* Sources */ = {
			isa = PBXSourcesBuildPhase;
			buildActionMask = 2147483647;
			files = (
				FF61DB7B29C47EAE000D9D54 /* SomethingView.swift in Sources */,
				FF61DB7829C47E7D000D9D54 /* ScanInjection.swift in Sources */,
				FF61DB7229C47888000D9D54 /* SomethingProviding.swift in Sources */,
				FF61DB6729C385FD000D9D54 /* DownloadDetailViewModel.swift in Sources */,
				AE0EAD8129D0675F005BBEB1 /* DownloadDetailViewFeature.swift in Sources */,
				FF61DB7629C478CB000D9D54 /* SomethingStorage.swift in Sources */,
				FF61DB5829C381EC000D9D54 /* Resolver.swift in Sources */,
				FF61DB5F29C3824C000D9D54 /* DownloadRepositoryImpl.swift in Sources */,
				FF61DB5029C38170000D9D54 /* DownloadImageInteractor.swift in Sources */,
				FF84E09929C8A31A0008A6B3 /* DomainObjektNejaky.swift in Sources */,
				FF84E09729C8A2F60008A6B3 /* ViewObjektNejaky.swift in Sources */,
				FF61DB5A29C381F0000D9D54 /* Inject.swift in Sources */,
				FF61DB7029C4787F000D9D54 /* SomethingStoring.swift in Sources */,
				FF61DB6329C38587000D9D54 /* DownloadDetailView.swift in Sources */,
				FF61DB7429C478A2000D9D54 /* Something.swift in Sources */,
				FF15501A29C3809C00CF6732 /* ContentView.swift in Sources */,
				AE0EAD7F29D06724005BBEB1 /* DownloadListViewFeature.swift in Sources */,
				FF61DB6129C3834B000D9D54 /* DownloadError.swift in Sources */,
				FF61DB6929C3878E000D9D54 /* DownloadListView.swift in Sources */,
				FF15501829C3809C00CF6732 /* CleanArchTemplateApp.swift in Sources */,
				FF61DB6B29C387AE000D9D54 /* DownloadListViewModel.swift in Sources */,
				FF61DB5229C381AD000D9D54 /* DownloadRepository.swift in Sources */,
				FF61DB5D29C38228000D9D54 /* DownloadInjection.swift in Sources */,
				FF84E09229C8A1130008A6B3 /* DownloadTextsInteractor.swift in Sources */,
			);
			runOnlyForDeploymentPostprocessing = 0;
		};
/* End PBXSourcesBuildPhase section */

/* Begin XCBuildConfiguration section */
		FF15502029C3809D00CF6732 /* Debug */ = {
			isa = XCBuildConfiguration;
			buildSettings = {
				ALWAYS_SEARCH_USER_PATHS = NO;
				CLANG_ANALYZER_NONNULL = YES;
				CLANG_ANALYZER_NUMBER_OBJECT_CONVERSION = YES_AGGRESSIVE;
				CLANG_CXX_LANGUAGE_STANDARD = "gnu++20";
				CLANG_ENABLE_MODULES = YES;
				CLANG_ENABLE_OBJC_ARC = YES;
				CLANG_ENABLE_OBJC_WEAK = YES;
				CLANG_WARN_BLOCK_CAPTURE_AUTORELEASING = YES;
				CLANG_WARN_BOOL_CONVERSION = YES;
				CLANG_WARN_COMMA = YES;
				CLANG_WARN_CONSTANT_CONVERSION = YES;
				CLANG_WARN_DEPRECATED_OBJC_IMPLEMENTATIONS = YES;
				CLANG_WARN_DIRECT_OBJC_ISA_USAGE = YES_ERROR;
				CLANG_WARN_DOCUMENTATION_COMMENTS = YES;
				CLANG_WARN_EMPTY_BODY = YES;
				CLANG_WARN_ENUM_CONVERSION = YES;
				CLANG_WARN_INFINITE_RECURSION = YES;
				CLANG_WARN_INT_CONVERSION = YES;
				CLANG_WARN_NON_LITERAL_NULL_CONVERSION = YES;
				CLANG_WARN_OBJC_IMPLICIT_RETAIN_SELF = YES;
				CLANG_WARN_OBJC_LITERAL_CONVERSION = YES;
				CLANG_WARN_OBJC_ROOT_CLASS = YES_ERROR;
				CLANG_WARN_QUOTED_INCLUDE_IN_FRAMEWORK_HEADER = YES;
				CLANG_WARN_RANGE_LOOP_ANALYSIS = YES;
				CLANG_WARN_STRICT_PROTOTYPES = YES;
				CLANG_WARN_SUSPICIOUS_MOVE = YES;
				CLANG_WARN_UNGUARDED_AVAILABILITY = YES_AGGRESSIVE;
				CLANG_WARN_UNREACHABLE_CODE = YES;
				CLANG_WARN__DUPLICATE_METHOD_MATCH = YES;
				COPY_PHASE_STRIP = NO;
				DEBUG_INFORMATION_FORMAT = dwarf;
				ENABLE_STRICT_OBJC_MSGSEND = YES;
				ENABLE_TESTABILITY = YES;
				GCC_C_LANGUAGE_STANDARD = gnu11;
				GCC_DYNAMIC_NO_PIC = NO;
				GCC_NO_COMMON_BLOCKS = YES;
				GCC_OPTIMIZATION_LEVEL = 0;
				GCC_PREPROCESSOR_DEFINITIONS = (
					"DEBUG=1",
					"$(inherited)",
				);
				GCC_WARN_64_TO_32_BIT_CONVERSION = YES;
				GCC_WARN_ABOUT_RETURN_TYPE = YES_ERROR;
				GCC_WARN_UNDECLARED_SELECTOR = YES;
				GCC_WARN_UNINITIALIZED_AUTOS = YES_AGGRESSIVE;
				GCC_WARN_UNUSED_FUNCTION = YES;
				GCC_WARN_UNUSED_VARIABLE = YES;
				IPHONEOS_DEPLOYMENT_TARGET = 16.2;
				MTL_ENABLE_DEBUG_INFO = INCLUDE_SOURCE;
				MTL_FAST_MATH = YES;
				ONLY_ACTIVE_ARCH = YES;
				SDKROOT = iphoneos;
				SWIFT_ACTIVE_COMPILATION_CONDITIONS = DEBUG;
				SWIFT_OPTIMIZATION_LEVEL = "-Onone";
			};
			name = Debug;
		};
		FF15502129C3809D00CF6732 /* Release */ = {
			isa = XCBuildConfiguration;
			buildSettings = {
				ALWAYS_SEARCH_USER_PATHS = NO;
				CLANG_ANALYZER_NONNULL = YES;
				CLANG_ANALYZER_NUMBER_OBJECT_CONVERSION = YES_AGGRESSIVE;
				CLANG_CXX_LANGUAGE_STANDARD = "gnu++20";
				CLANG_ENABLE_MODULES = YES;
				CLANG_ENABLE_OBJC_ARC = YES;
				CLANG_ENABLE_OBJC_WEAK = YES;
				CLANG_WARN_BLOCK_CAPTURE_AUTORELEASING = YES;
				CLANG_WARN_BOOL_CONVERSION = YES;
				CLANG_WARN_COMMA = YES;
				CLANG_WARN_CONSTANT_CONVERSION = YES;
				CLANG_WARN_DEPRECATED_OBJC_IMPLEMENTATIONS = YES;
				CLANG_WARN_DIRECT_OBJC_ISA_USAGE = YES_ERROR;
				CLANG_WARN_DOCUMENTATION_COMMENTS = YES;
				CLANG_WARN_EMPTY_BODY = YES;
				CLANG_WARN_ENUM_CONVERSION = YES;
				CLANG_WARN_INFINITE_RECURSION = YES;
				CLANG_WARN_INT_CONVERSION = YES;
				CLANG_WARN_NON_LITERAL_NULL_CONVERSION = YES;
				CLANG_WARN_OBJC_IMPLICIT_RETAIN_SELF = YES;
				CLANG_WARN_OBJC_LITERAL_CONVERSION = YES;
				CLANG_WARN_OBJC_ROOT_CLASS = YES_ERROR;
				CLANG_WARN_QUOTED_INCLUDE_IN_FRAMEWORK_HEADER = YES;
				CLANG_WARN_RANGE_LOOP_ANALYSIS = YES;
				CLANG_WARN_STRICT_PROTOTYPES = YES;
				CLANG_WARN_SUSPICIOUS_MOVE = YES;
				CLANG_WARN_UNGUARDED_AVAILABILITY = YES_AGGRESSIVE;
				CLANG_WARN_UNREACHABLE_CODE = YES;
				CLANG_WARN__DUPLICATE_METHOD_MATCH = YES;
				COPY_PHASE_STRIP = NO;
				DEBUG_INFORMATION_FORMAT = "dwarf-with-dsym";
				ENABLE_NS_ASSERTIONS = NO;
				ENABLE_STRICT_OBJC_MSGSEND = YES;
				GCC_C_LANGUAGE_STANDARD = gnu11;
				GCC_NO_COMMON_BLOCKS = YES;
				GCC_WARN_64_TO_32_BIT_CONVERSION = YES;
				GCC_WARN_ABOUT_RETURN_TYPE = YES_ERROR;
				GCC_WARN_UNDECLARED_SELECTOR = YES;
				GCC_WARN_UNINITIALIZED_AUTOS = YES_AGGRESSIVE;
				GCC_WARN_UNUSED_FUNCTION = YES;
				GCC_WARN_UNUSED_VARIABLE = YES;
				IPHONEOS_DEPLOYMENT_TARGET = 16.2;
				MTL_ENABLE_DEBUG_INFO = NO;
				MTL_FAST_MATH = YES;
				SDKROOT = iphoneos;
				SWIFT_COMPILATION_MODE = wholemodule;
				SWIFT_OPTIMIZATION_LEVEL = "-O";
				VALIDATE_PRODUCT = YES;
			};
			name = Release;
		};
		FF15502329C3809D00CF6732 /* Debug */ = {
			isa = XCBuildConfiguration;
			buildSettings = {
				ASSETCATALOG_COMPILER_APPICON_NAME = AppIcon;
				ASSETCATALOG_COMPILER_GLOBAL_ACCENT_COLOR_NAME = AccentColor;
				CODE_SIGN_STYLE = Automatic;
				CURRENT_PROJECT_VERSION = 1;
				DEVELOPMENT_ASSET_PATHS = "\"CleanArchTemplate/Preview Content\"";
				DEVELOPMENT_TEAM = 692WP484NX;
				ENABLE_PREVIEWS = YES;
				GENERATE_INFOPLIST_FILE = YES;
				INFOPLIST_KEY_UIApplicationSceneManifest_Generation = YES;
				INFOPLIST_KEY_UIApplicationSupportsIndirectInputEvents = YES;
				INFOPLIST_KEY_UILaunchScreen_Generation = YES;
				INFOPLIST_KEY_UISupportedInterfaceOrientations_iPad = "UIInterfaceOrientationPortrait UIInterfaceOrientationPortraitUpsideDown UIInterfaceOrientationLandscapeLeft UIInterfaceOrientationLandscapeRight";
				INFOPLIST_KEY_UISupportedInterfaceOrientations_iPhone = "UIInterfaceOrientationPortrait UIInterfaceOrientationLandscapeLeft UIInterfaceOrientationLandscapeRight";
				LD_RUNPATH_SEARCH_PATHS = (
					"$(inherited)",
					"@executable_path/Frameworks",
				);
				MARKETING_VERSION = 1.0;
				PRODUCT_BUNDLE_IDENTIFIER = cz.manicek.CleanArchTemplate;
				PRODUCT_NAME = "$(TARGET_NAME)";
				SWIFT_EMIT_LOC_STRINGS = YES;
				SWIFT_VERSION = 5.0;
				TARGETED_DEVICE_FAMILY = "1,2";
			};
			name = Debug;
		};
		FF15502429C3809D00CF6732 /* Release */ = {
			isa = XCBuildConfiguration;
			buildSettings = {
				ASSETCATALOG_COMPILER_APPICON_NAME = AppIcon;
				ASSETCATALOG_COMPILER_GLOBAL_ACCENT_COLOR_NAME = AccentColor;
				CODE_SIGN_STYLE = Automatic;
				CURRENT_PROJECT_VERSION = 1;
				DEVELOPMENT_ASSET_PATHS = "\"CleanArchTemplate/Preview Content\"";
				DEVELOPMENT_TEAM = 692WP484NX;
				ENABLE_PREVIEWS = YES;
				GENERATE_INFOPLIST_FILE = YES;
				INFOPLIST_KEY_UIApplicationSceneManifest_Generation = YES;
				INFOPLIST_KEY_UIApplicationSupportsIndirectInputEvents = YES;
				INFOPLIST_KEY_UILaunchScreen_Generation = YES;
				INFOPLIST_KEY_UISupportedInterfaceOrientations_iPad = "UIInterfaceOrientationPortrait UIInterfaceOrientationPortraitUpsideDown UIInterfaceOrientationLandscapeLeft UIInterfaceOrientationLandscapeRight";
				INFOPLIST_KEY_UISupportedInterfaceOrientations_iPhone = "UIInterfaceOrientationPortrait UIInterfaceOrientationLandscapeLeft UIInterfaceOrientationLandscapeRight";
				LD_RUNPATH_SEARCH_PATHS = (
					"$(inherited)",
					"@executable_path/Frameworks",
				);
				MARKETING_VERSION = 1.0;
				PRODUCT_BUNDLE_IDENTIFIER = cz.manicek.CleanArchTemplate;
				PRODUCT_NAME = "$(TARGET_NAME)";
				SWIFT_EMIT_LOC_STRINGS = YES;
				SWIFT_VERSION = 5.0;
				TARGETED_DEVICE_FAMILY = "1,2";
			};
			name = Release;
		};
/* End XCBuildConfiguration section */

/* Begin XCConfigurationList section */
		FF15500F29C3809C00CF6732 /* Build configuration list for PBXProject "CleanArchTemplate" */ = {
			isa = XCConfigurationList;
			buildConfigurations = (
				FF15502029C3809D00CF6732 /* Debug */,
				FF15502129C3809D00CF6732 /* Release */,
			);
			defaultConfigurationIsVisible = 0;
			defaultConfigurationName = Release;
		};
		FF15502229C3809D00CF6732 /* Build configuration list for PBXNativeTarget "CleanArchTemplate" */ = {
			isa = XCConfigurationList;
			buildConfigurations = (
				FF15502329C3809D00CF6732 /* Debug */,
				FF15502429C3809D00CF6732 /* Release */,
			);
			defaultConfigurationIsVisible = 0;
			defaultConfigurationName = Release;
		};
/* End XCConfigurationList section */

/* Begin XCRemoteSwiftPackageReference section */
		AE0EAD7A29D05AF9005BBEB1 /* XCRemoteSwiftPackageReference "swift-composable-architecture" */ = {
			isa = XCRemoteSwiftPackageReference;
			repositoryURL = "https://github.com/pointfreeco/swift-composable-architecture";
			requirement = {
				kind = upToNextMajorVersion;
				minimumVersion = 0.9.0;
			};
		};
		FF61DB5329C381D4000D9D54 /* XCRemoteSwiftPackageReference "Swinject" */ = {
			isa = XCRemoteSwiftPackageReference;
			repositoryURL = "https://github.com/Swinject/Swinject";
			requirement = {
				kind = upToNextMajorVersion;
				minimumVersion = 2.0.0;
			};
		};
/* End XCRemoteSwiftPackageReference section */

/* Begin XCSwiftPackageProductDependency section */
		AE0EAD7B29D05AF9005BBEB1 /* ComposableArchitecture */ = {
			isa = XCSwiftPackageProductDependency;
			package = AE0EAD7A29D05AF9005BBEB1 /* XCRemoteSwiftPackageReference "swift-composable-architecture" */;
			productName = ComposableArchitecture;
		};
		FF61DB5429C381D4000D9D54 /* Swinject */ = {
			isa = XCSwiftPackageProductDependency;
			package = FF61DB5329C381D4000D9D54 /* XCRemoteSwiftPackageReference "Swinject" */;
			productName = Swinject;
		};
/* End XCSwiftPackageProductDependency section */
	};
	rootObject = FF15500C29C3809C00CF6732 /* Project object */;
}
